
Microsoft Visual Studio Solution File, Format Version 12.00
# Visual Studio 15
VisualStudioVersion = 15.0.27004.2005
MinimumVisualStudioVersion = 10.0.40219.1
Project("{FAE04EC0-301F-11D3-BF4B-00C04F79EFBC}") = "CornellBox", "CornellBox\CornellBox.csproj", "{3C2DDA1E-BC75-43C0-9199-40A9F2FA387D}"
EndProject
Project("{8BC9CEB8-8B4A-11D0-8D11-00A0C91BC942}") = "CMathLib", "CMathLib\CMathLib.vcxproj", "{7E9FA6E7-E907-403C-A886-9D9C3A9E19D0}"
EndProject
Project("{FAE04EC0-301F-11D3-BF4B-00C04F79EFBC}") = "Triangles", "Triangles\Triangles.csproj", "{7DB8065A-DBA2-445E-AF2B-E365B501C229}"
EndProject
Global
	GlobalSection(SolutionConfigurationPlatforms) = preSolution
		Debug|Any CPU = Debug|Any CPU
		Debug|x64 = Debug|x64
		Debug|x86 = Debug|x86
		Release|Any CPU = Release|Any CPU
		Release|x64 = Release|x64
		Release|x86 = Release|x86
	EndGlobalSection
	GlobalSection(ProjectConfigurationPlatforms) = postSolution
		{3C2DDA1E-BC75-43C0-9199-40A9F2FA387D}.Debug|Any CPU.ActiveCfg = Debug|Any CPU
		{3C2DDA1E-BC75-43C0-9199-40A9F2FA387D}.Debug|Any CPU.Build.0 = Debug|Any CPU
		{3C2DDA1E-BC75-43C0-9199-40A9F2FA387D}.Debug|x64.ActiveCfg = Debug|Any CPU
		{3C2DDA1E-BC75-43C0-9199-40A9F2FA387D}.Debug|x64.Build.0 = Debug|Any CPU
		{3C2DDA1E-BC75-43C0-9199-40A9F2FA387D}.Debug|x86.ActiveCfg = Debug|Any CPU
		{3C2DDA1E-BC75-43C0-9199-40A9F2FA387D}.Debug|x86.Build.0 = Debug|Any CPU
		{3C2DDA1E-BC75-43C0-9199-40A9F2FA387D}.Release|Any CPU.ActiveCfg = Release|Any CPU
		{3C2DDA1E-BC75-43C0-9199-40A9F2FA387D}.Release|Any CPU.Build.0 = Release|Any CPU
		{3C2DDA1E-BC75-43C0-9199-40A9F2FA387D}.Release|x64.ActiveCfg = Release|Any CPU
		{3C2DDA1E-BC75-43C0-9199-40A9F2FA387D}.Release|x64.Build.0 = Release|Any CPU
		{3C2DDA1E-BC75-43C0-9199-40A9F2FA387D}.Release|x86.ActiveCfg = Release|Any CPU
		{3C2DDA1E-BC75-43C0-9199-40A9F2FA387D}.Release|x86.Build.0 = Release|Any CPU
		{7E9FA6E7-E907-403C-A886-9D9C3A9E19D0}.Debug|Any CPU.ActiveCfg = Debug|x64
		{7E9FA6E7-E907-403C-A886-9D9C3A9E19D0}.Debug|Any CPU.Build.0 = Debug|x64
		{7E9FA6E7-E907-403C-A886-9D9C3A9E19D0}.Debug|x64.ActiveCfg = Debug|x64
		{7E9FA6E7-E907-403C-A886-9D9C3A9E19D0}.Debug|x64.Build.0 = Debug|x64
		{7E9FA6E7-E907-403C-A886-9D9C3A9E19D0}.Debug|x86.ActiveCfg = Debug|Win32
		{7E9FA6E7-E907-403C-A886-9D9C3A9E19D0}.Debug|x86.Build.0 = Debug|Win32
		{7E9FA6E7-E907-403C-A886-9D9C3A9E19D0}.Release|Any CPU.ActiveCfg = Release|x64
		{7E9FA6E7-E907-403C-A886-9D9C3A9E19D0}.Release|Any CPU.Build.0 = Release|x64
		{7E9FA6E7-E907-403C-A886-9D9C3A9E19D0}.Release|x64.ActiveCfg = Release|x64
		{7E9FA6E7-E907-403C-A886-9D9C3A9E19D0}.Release|x64.Build.0 = Release|x64
		{7E9FA6E7-E907-403C-A886-9D9C3A9E19D0}.Release|x86.ActiveCfg = Release|Win32
		{7E9FA6E7-E907-403C-A886-9D9C3A9E19D0}.Release|x86.Build.0 = Release|Win32
		{7DB8065A-DBA2-445E-AF2B-E365B501C229}.Debug|Any CPU.ActiveCfg = Debug|Any CPU
		{7DB8065A-DBA2-445E-AF2B-E365B501C229}.Debug|Any CPU.Build.0 = Debug|Any CPU
		{7DB8065A-DBA2-445E-AF2B-E365B501C229}.Debug|x64.ActiveCfg = Debug|Any CPU
		{7DB8065A-DBA2-445E-AF2B-E365B501C229}.Debug|x64.Build.0 = Debug|Any CPU
		{7DB8065A-DBA2-445E-AF2B-E365B501C229}.Debug|x86.ActiveCfg = Debug|Any CPU
		{7DB8065A-DBA2-445E-AF2B-E365B501C229}.Debug|x86.Build.0 = Debug|Any CPU
		{7DB8065A-DBA2-445E-AF2B-E365B501C229}.Release|Any CPU.ActiveCfg = Release|Any CPU
		{7DB8065A-DBA2-445E-AF2B-E365B501C229}.Release|Any CPU.Build.0 = Release|Any CPU
		{7DB8065A-DBA2-445E-AF2B-E365B501C229}.Release|x64.ActiveCfg = Release|Any CPU
		{7DB8065A-DBA2-445E-AF2B-E365B501C229}.Release|x64.Build.0 = Release|Any CPU
		{7DB8065A-DBA2-445E-AF2B-E365B501C229}.Release|x86.ActiveCfg = Release|Any CPU
		{7DB8065A-DBA2-445E-AF2B-E365B501C229}.Release|x86.Build.0 = Release|Any CPU
	EndGlobalSection
	GlobalSection(SolutionProperties) = preSolution
		HideSolutionNode = FALSE
	EndGlobalSection
	GlobalSection(ExtensibilityGlobals) = postSolution
		SolutionGuid = {4973C3DE-EFB1-4406-BE95-52B2160DA56C}
	EndGlobalSection
EndGlobal
